
Microsoft Visual Studio Solution File, Format Version 11.00
# Visual Studio 2010
Project("{FAE04EC0-301F-11D3-BF4B-00C04F79EFBC}") = "YASAT", "YASAT\YASAT.csproj", "{FBBF8E22-A902-40B6-BF9E-AB2438288C53}"
EndProject
Project("{FAE04EC0-301F-11D3-BF4B-00C04F79EFBC}") = "YASATEngine", "YASATEngine\YASATEngine.csproj", "{A05E294F-B4B5-45EF-81F2-29A1D3961367}"
EndProject
Global
	GlobalSection(SolutionConfigurationPlatforms) = preSolution
		Debug|Any CPU = Debug|Any CPU
		Debug|Mixed Platforms = Debug|Mixed Platforms
		Debug|x86 = Debug|x86
		Release|Any CPU = Release|Any CPU
		Release|Mixed Platforms = Release|Mixed Platforms
		Release|x86 = Release|x86
	EndGlobalSection
	GlobalSection(ProjectConfigurationPlatforms) = postSolution
		{FBBF8E22-A902-40B6-BF9E-AB2438288C53}.Debug|Any CPU.ActiveCfg = Debug|x86
		{FBBF8E22-A902-40B6-BF9E-AB2438288C53}.Debug|Mixed Platforms.ActiveCfg = Debug|x86
		{FBBF8E22-A902-40B6-BF9E-AB2438288C53}.Debug|Mixed Platforms.Build.0 = Debug|x86
		{FBBF8E22-A902-40B6-BF9E-AB2438288C53}.Debug|x86.ActiveCfg = Debug|x86
		{FBBF8E22-A902-40B6-BF9E-AB2438288C53}.Debug|x86.Build.0 = Debug|x86
		{FBBF8E22-A902-40B6-BF9E-AB2438288C53}.Release|Any CPU.ActiveCfg = Release|x86
		{FBBF8E22-A902-40B6-BF9E-AB2438288C53}.Release|Any CPU.Build.0 = Release|x86
		{FBBF8E22-A902-40B6-BF9E-AB2438288C53}.Release|Mixed Platforms.ActiveCfg = Release|x86
		{FBBF8E22-A902-40B6-BF9E-AB2438288C53}.Release|Mixed Platforms.Build.0 = Release|x86
		{FBBF8E22-A902-40B6-BF9E-AB2438288C53}.Release|x86.ActiveCfg = Release|x86
		{FBBF8E22-A902-40B6-BF9E-AB2438288C53}.Release|x86.Build.0 = Release|x86
		{A05E294F-B4B5-45EF-81F2-29A1D3961367}.Debug|Any CPU.ActiveCfg = Debug|Any CPU
		{A05E294F-B4B5-45EF-81F2-29A1D3961367}.Debug|Any CPU.Build.0 = Debug|Any CPU
		{A05E294F-B4B5-45EF-81F2-29A1D3961367}.Debug|Mixed Platforms.ActiveCfg = Debug|Any CPU
		{A05E294F-B4B5-45EF-81F2-29A1D3961367}.Debug|Mixed Platforms.Build.0 = Debug|Any CPU
		{A05E294F-B4B5-45EF-81F2-29A1D3961367}.Debug|x86.ActiveCfg = Debug|Any CPU
		{A05E294F-B4B5-45EF-81F2-29A1D3961367}.Release|Any CPU.ActiveCfg = Release|Any CPU
		{A05E294F-B4B5-45EF-81F2-29A1D3961367}.Release|Any CPU.Build.0 = Release|Any CPU
		{A05E294F-B4B5-45EF-81F2-29A1D3961367}.Release|Mixed Platforms.ActiveCfg = Release|Any CPU
		{A05E294F-B4B5-45EF-81F2-29A1D3961367}.Release|Mixed Platforms.Build.0 = Release|Any CPU
		{A05E294F-B4B5-45EF-81F2-29A1D3961367}.Release|x86.ActiveCfg = Release|Any CPU
	EndGlobalSection
	GlobalSection(SolutionProperties) = preSolution
		HideSolutionNode = FALSE
	EndGlobalSection
EndGlobal
